
Microsoft Visual Studio Solution File, Format Version 12.00
# Visual Studio Version 17
VisualStudioVersion = 17.14.36414.22
MinimumVisualStudioVersion = 10.0.40219.1
Project("{2150E333-8FDC-42A3-9474-1A3956D46DE8}") = "솔루션 항목", "솔루션 항목", "{2A3A057F-5D22-31FD-628C-DF5EF75AEF1E}"
	ProjectSection(SolutionItems) = preProject
		memo.txt = memo.txt
	EndProjectSection
EndProject
Project("{FAE04EC0-301F-11D3-BF4B-00C04F79EFBC}") = "MyApp.Client.Wpf", "MyApp.Client.Wpf\MyApp.Client.Wpf.csproj", "{CCE28A6F-4C68-4192-8581-91920C989C38}"
EndProject
Project("{FAE04EC0-301F-11D3-BF4B-00C04F79EFBC}") = "MyApp.Core", "MyApp.Core\MyApp.Core.csproj", "{049DDE07-3D00-418B-A680-7680047AF894}"
EndProject
Project("{FAE04EC0-301F-11D3-BF4B-00C04F79EFBC}") = "MyApp.Tests", "MyApp.Tests\MyApp.Tests.csproj", "{3D1F789C-D6C9-4AE9-8727-792184C741B3}"
EndProject
<<<<<<< Updated upstream
Project("{FAE04EC0-301F-11D3-BF4B-00C04F79EFBC}") = "MyApp.Server.AspLinuxApi", "MyApp.Server.AspLinuxApi\MyApp.Server.AspLinuxApi.csproj", "{0D622688-803A-484F-A3A6-3BA88949BFCA}"
=======
Project("{FAE04EC0-301F-11D3-BF4B-00C04F79EFBC}") = "MyApp.Server.ASPLinux", "MyApp.Server.ASPLinux\MyApp.Server.ASPLinux.csproj", "{59CCA5C2-D796-45BF-A82C-33770A984E90}"
>>>>>>> Stashed changes
EndProject
Global
	GlobalSection(SolutionConfigurationPlatforms) = preSolution
		Debug|Any CPU = Debug|Any CPU
		Release|Any CPU = Release|Any CPU
	EndGlobalSection
	GlobalSection(ProjectConfigurationPlatforms) = postSolution
		{CCE28A6F-4C68-4192-8581-91920C989C38}.Debug|Any CPU.ActiveCfg = Debug|Any CPU
		{CCE28A6F-4C68-4192-8581-91920C989C38}.Debug|Any CPU.Build.0 = Debug|Any CPU
		{CCE28A6F-4C68-4192-8581-91920C989C38}.Release|Any CPU.ActiveCfg = Release|Any CPU
		{CCE28A6F-4C68-4192-8581-91920C989C38}.Release|Any CPU.Build.0 = Release|Any CPU
		{049DDE07-3D00-418B-A680-7680047AF894}.Debug|Any CPU.ActiveCfg = Debug|Any CPU
		{049DDE07-3D00-418B-A680-7680047AF894}.Debug|Any CPU.Build.0 = Debug|Any CPU
		{049DDE07-3D00-418B-A680-7680047AF894}.Release|Any CPU.ActiveCfg = Release|Any CPU
		{049DDE07-3D00-418B-A680-7680047AF894}.Release|Any CPU.Build.0 = Release|Any CPU
		{3D1F789C-D6C9-4AE9-8727-792184C741B3}.Debug|Any CPU.ActiveCfg = Debug|Any CPU
		{3D1F789C-D6C9-4AE9-8727-792184C741B3}.Debug|Any CPU.Build.0 = Debug|Any CPU
		{3D1F789C-D6C9-4AE9-8727-792184C741B3}.Release|Any CPU.ActiveCfg = Release|Any CPU
		{3D1F789C-D6C9-4AE9-8727-792184C741B3}.Release|Any CPU.Build.0 = Release|Any CPU
<<<<<<< Updated upstream
		{0D622688-803A-484F-A3A6-3BA88949BFCA}.Debug|Any CPU.ActiveCfg = Debug|Any CPU
		{0D622688-803A-484F-A3A6-3BA88949BFCA}.Debug|Any CPU.Build.0 = Debug|Any CPU
		{0D622688-803A-484F-A3A6-3BA88949BFCA}.Release|Any CPU.ActiveCfg = Release|Any CPU
		{0D622688-803A-484F-A3A6-3BA88949BFCA}.Release|Any CPU.Build.0 = Release|Any CPU
=======
		{59CCA5C2-D796-45BF-A82C-33770A984E90}.Debug|Any CPU.ActiveCfg = Debug|Any CPU
		{59CCA5C2-D796-45BF-A82C-33770A984E90}.Debug|Any CPU.Build.0 = Debug|Any CPU
		{59CCA5C2-D796-45BF-A82C-33770A984E90}.Release|Any CPU.ActiveCfg = Release|Any CPU
		{59CCA5C2-D796-45BF-A82C-33770A984E90}.Release|Any CPU.Build.0 = Release|Any CPU
>>>>>>> Stashed changes
	EndGlobalSection
	GlobalSection(SolutionProperties) = preSolution
		HideSolutionNode = FALSE
	EndGlobalSection
	GlobalSection(ExtensibilityGlobals) = postSolution
		SolutionGuid = {540C153C-01E6-44AB-B7E8-A2AF632912AC}
	EndGlobalSection
EndGlobal
